// !$*UTF8*$!
{
	archiveVersion = 1;
	classes = {
	};
	objectVersion = 50;
	objects = {

/* Begin PBXBuildFile section */
		3ABCEC9420AE84C600723470 /* Inceptionv3.mlmodel in Sources */ = {isa = PBXBuildFile; fileRef = 3ABCEC9320AE84C600723470 /* Inceptionv3.mlmodel */; };
		3AEAD5B220AD36AE00D728BB /* AppDelegate.swift in Sources */ = {isa = PBXBuildFile; fileRef = 3AEAD5B120AD36AE00D728BB /* AppDelegate.swift */; };
		3AEAD5B420AD36AE00D728BB /* ViewController.swift in Sources */ = {isa = PBXBuildFile; fileRef = 3AEAD5B320AD36AE00D728BB /* ViewController.swift */; };
		3AEAD5B720AD36AE00D728BB /* Main.storyboard in Resources */ = {isa = PBXBuildFile; fileRef = 3AEAD5B520AD36AE00D728BB /* Main.storyboard */; };
		3AEAD5B920AD36B700D728BB /* Assets.xcassets in Resources */ = {isa = PBXBuildFile; fileRef = 3AEAD5B820AD36B700D728BB /* Assets.xcassets */; };
		3AEAD5BC20AD36B700D728BB /* LaunchScreen.storyboard in Resources */ = {isa = PBXBuildFile; fileRef = 3AEAD5BA20AD36B700D728BB /* LaunchScreen.storyboard */; };
/* End PBXBuildFile section */

/* Begin PBXFileReference section */
		3ABCEC9320AE84C600723470 /* Inceptionv3.mlmodel */ = {isa = PBXFileReference; lastKnownFileType = file.mlmodel; path = Inceptionv3.mlmodel; sourceTree = "<group>"; };
		3AEAD5AE20AD36AE00D728BB /* CoreMLTest.app */ = {isa = PBXFileReference; explicitFileType = wrapper.application; includeInIndex = 0; path = CoreMLTest.app; sourceTree = BUILT_PRODUCTS_DIR; };
		3AEAD5B120AD36AE00D728BB /* AppDelegate.swift */ = {isa = PBXFileReference; lastKnownFileType = sourcecode.swift; path = AppDelegate.swift; sourceTree = "<group>"; };
		3AEAD5B320AD36AE00D728BB /* ViewController.swift */ = {isa = PBXFileReference; lastKnownFileType = sourcecode.swift; path = ViewController.swift; sourceTree = "<group>"; };
		3AEAD5B620AD36AE00D728BB /* Base */ = {isa = PBXFileReference; lastKnownFileType = file.storyboard; name = Base; path = Base.lproj/Main.storyboard; sourceTree = "<group>"; };
		3AEAD5B820AD36B700D728BB /* Assets.xcassets */ = {isa = PBXFileReference; lastKnownFileType = folder.assetcatalog; path = Assets.xcassets; sourceTree = "<group>"; };
		3AEAD5BB20AD36B700D728BB /* Base */ = {isa = PBXFileReference; lastKnownFileType = file.storyboard; name = Base; path = Base.lproj/LaunchScreen.storyboard; sourceTree = "<group>"; };
		3AEAD5BD20AD36B700D728BB /* Info.plist */ = {isa = PBXFileReference; lastKnownFileType = text.plist.xml; path = Info.plist; sourceTree = "<group>"; };
/* End PBXFileReference section */

/* Begin PBXFrameworksBuildPhase section */
		3AEAD5AB20AD36AE00D728BB /* Frameworks */ = {
			isa = PBXFrameworksBuildPhase;
			buildActionMask = 2147483647;
			files = (
			);
			runOnlyForDeploymentPostprocessing = 0;
		};
/* End PBXFrameworksBuildPhase section */

/* Begin PBXGroup section */
		3AEAD5A520AD36AE00D728BB = {
			isa = PBXGroup;
			children = (
				3ABCEC9320AE84C600723470 /* Inceptionv3.mlmodel */,
				3AEAD5B020AD36AE00D728BB /* CoreMLTest */,
				3AEAD5AF20AD36AE00D728BB /* Products */,
			);
			sourceTree = "<group>";
		};
		3AEAD5AF20AD36AE00D728BB /* Products */ = {
			isa = PBXGroup;
			children = (
				3AEAD5AE20AD36AE00D728BB /* CoreMLTest.app */,
			);
			name = Products;
			sourceTree = "<group>";
		};
		3AEAD5B020AD36AE00D728BB /* CoreMLTest */ = {
			isa = PBXGroup;
			children = (
				3AEAD5B120AD36AE00D728BB /* AppDelegate.swift */,
				3AEAD5B320AD36AE00D728BB /* ViewController.swift */,
				3AEAD5B520AD36AE00D728BB /* Main.storyboard */,
				3AEAD5B820AD36B700D728BB /* Assets.xcassets */,
				3AEAD5BA20AD36B700D728BB /* LaunchScreen.storyboard */,
				3AEAD5BD20AD36B700D728BB /* Info.plist */,
			);
			path = CoreMLTest;
			sourceTree = "<group>";
		};
/* End PBXGroup section */

/* Begin PBXNativeTarget section */
		3AEAD5AD20AD36AE00D728BB /* CoreMLTest */ = {
			isa = PBXNativeTarget;
			buildConfigurationList = 3AEAD5C020AD36B700D728BB /* Build configuration list for PBXNativeTarget "CoreMLTest" */;
			buildPhases = (
				3AEAD5AA20AD36AE00D728BB /* Sources */,
				3AEAD5AB20AD36AE00D728BB /* Frameworks */,
				3AEAD5AC20AD36AE00D728BB /* Resources */,
			);
			buildRules = (
			);
			dependencies = (
			);
			name = CoreMLTest;
			productName = CoreMLTest;
			productReference = 3AEAD5AE20AD36AE00D728BB /* CoreMLTest.app */;
			productType = "com.apple.product-type.application";
		};
/* End PBXNativeTarget section */

/* Begin PBXProject section */
		3AEAD5A620AD36AE00D728BB /* Project object */ = {
			isa = PBXProject;
			attributes = {
				LastSwiftUpdateCheck = 0930;
				LastUpgradeCheck = 0930;
				ORGANIZATIONNAME = "陳鍵群";
				TargetAttributes = {
					3AEAD5AD20AD36AE00D728BB = {
						CreatedOnToolsVersion = 9.3.1;
					};
				};
			};
			buildConfigurationList = 3AEAD5A920AD36AE00D728BB /* Build configuration list for PBXProject "CoreMLTest" */;
			compatibilityVersion = "Xcode 9.3";
			developmentRegion = en;
			hasScannedForEncodings = 0;
			knownRegions = (
				en,
				Base,
			);
			mainGroup = 3AEAD5A520AD36AE00D728BB;
			productRefGroup = 3AEAD5AF20AD36AE00D728BB /* Products */;
			projectDirPath = "";
			projectRoot = "";
			targets = (
				3AEAD5AD20AD36AE00D728BB /* CoreMLTest */,
			);
		};
/* End PBXProject section */

/* Begin PBXResourcesBuildPhase section */
		3AEAD5AC20AD36AE00D728BB /* Resources */ = {
			isa = PBXResourcesBuildPhase;
			buildActionMask = 2147483647;
			files = (
				3AEAD5BC20AD36B700D728BB /* LaunchScreen.storyboard in Resources */,
				3AEAD5B920AD36B700D728BB /* Assets.xcassets in Resources */,
				3AEAD5B720AD36AE00D728BB /* Main.storyboard in Resources */,
			);
			runOnlyForDeploymentPostprocessing = 0;
		};
/* End PBXResourcesBuildPhase section */

/* Begin PBXSourcesBuildPhase section */
		3AEAD5AA20AD36AE00D728BB /* Sources */ = {
			isa = PBXSourcesBuildPhase;
			buildActionMask = 2147483647;
			files = (
				3AEAD5B420AD36AE00D728BB /* ViewController.swift in Sources */,
				3ABCEC9420AE84C600723470 /* Inceptionv3.mlmodel in Sources */,
				3AEAD5B220AD36AE00D728BB /* AppDelegate.swift in Sources */,
			);
			runOnlyForDeploymentPostprocessing = 0;
		};
/* End PBXSourcesBuildPhase section */

/* Begin PBXVariantGroup section */
		3AEAD5B520AD36AE00D728BB /* Main.storyboard */ = {
			isa = PBXVariantGroup;
			children = (
				3AEAD5B620AD36AE00D728BB /* Base */,
			);
			name = Main.storyboard;
			sourceTree = "<group>";
		};
		3AEAD5BA20AD36B700D728BB /* LaunchScreen.storyboard */ = {
			isa = PBXVariantGroup;
			children = (
				3AEAD5BB20AD36B700D728BB /* Base */,
			);
			name = LaunchScreen.storyboard;
			sourceTree = "<group>";
		};
/* End PBXVariantGroup section */

/* Begin XCBuildConfiguration section */
		3AEAD5BE20AD36B700D728BB /* Debug */ = {
			isa = XCBuildConfiguration;
			buildSettings = {
				ALWAYS_SEARCH_USER_PATHS = NO;
				CLANG_ANALYZER_NONNULL = YES;
				CLANG_ANALYZER_NUMBER_OBJECT_CONVERSION = YES_AGGRESSIVE;
				CLANG_CXX_LANGUAGE_STANDARD = "gnu++14";
				CLANG_CXX_LIBRARY = "libc++";
				CLANG_ENABLE_MODULES = YES;
				CLANG_ENABLE_OBJC_ARC = YES;
				CLANG_ENABLE_OBJC_WEAK = YES;
				CLANG_WARN_BLOCK_CAPTURE_AUTORELEASING = YES;
				CLANG_WARN_BOOL_CONVERSION = YES;
				CLANG_WARN_COMMA = YES;
				CLANG_WARN_CONSTANT_CONVERSION = YES;
				CLANG_WARN_DEPRECATED_OBJC_IMPLEMENTATIONS = YES;
				CLANG_WARN_DIRECT_OBJC_ISA_USAGE = YES_ERROR;
				CLANG_WARN_DOCUMENTATION_COMMENTS = YES;
				CLANG_WARN_EMPTY_BODY = YES;
				CLANG_WARN_ENUM_CONVERSION = YES;
				CLANG_WARN_INFINITE_RECURSION = YES;
				CLANG_WARN_INT_CONVERSION = YES;
				CLANG_WARN_NON_LITERAL_NULL_CONVERSION = YES;
				CLANG_WARN_OBJC_IMPLICIT_RETAIN_SELF = YES;
				CLANG_WARN_OBJC_LITERAL_CONVERSION = YES;
				CLANG_WARN_OBJC_ROOT_CLASS = YES_ERROR;
				CLANG_WARN_RANGE_LOOP_ANALYSIS = YES;
				CLANG_WARN_STRICT_PROTOTYPES = YES;
				CLANG_WARN_SUSPICIOUS_MOVE = YES;
				CLANG_WARN_UNGUARDED_AVAILABILITY = YES_AGGRESSIVE;
				CLANG_WARN_UNREACHABLE_CODE = YES;
				CLANG_WARN__DUPLICATE_METHOD_MATCH = YES;
				CODE_SIGN_IDENTITY = "iPhone Developer";
				COPY_PHASE_STRIP = NO;
				DEBUG_INFORMATION_FORMAT = dwarf;
				ENABLE_STRICT_OBJC_MSGSEND = YES;
				ENABLE_TESTABILITY = YES;
				GCC_C_LANGUAGE_STANDARD = gnu11;
				GCC_DYNAMIC_NO_PIC = NO;
				GCC_NO_COMMON_BLOCKS = YES;
				GCC_OPTIMIZATION_LEVEL = 0;
				GCC_PREPROCESSOR_DEFINITIONS = (
					"DEBUG=1",
					"$(inherited)",
				);
				GCC_WARN_64_TO_32_BIT_CONVERSION = YES;
				GCC_WARN_ABOUT_RETURN_TYPE = YES_ERROR;
				GCC_WARN_UNDECLARED_SELECTOR = YES;
				GCC_WARN_UNINITIALIZED_AUTOS = YES_AGGRESSIVE;
				GCC_WARN_UNUSED_FUNCTION = YES;
				GCC_WARN_UNUSED_VARIABLE = YES;
				IPHONEOS_DEPLOYMENT_TARGET = 11.3;
				MTL_ENABLE_DEBUG_INFO = YES;
				ONLY_ACTIVE_ARCH = YES;
				SDKROOT = iphoneos;
				SWIFT_ACTIVE_COMPILATION_CONDITIONS = DEBUG;
				SWIFT_OPTIMIZATION_LEVEL = "-Onone";
			};
			name = Debug;
		};
		3AEAD5BF20AD36B700D728BB /* Release */ = {
			isa = XCBuildConfiguration;
			buildSettings = {
				ALWAYS_SEARCH_USER_PATHS = NO;
				CLANG_ANALYZER_NONNULL = YES;
				CLANG_ANALYZER_NUMBER_OBJECT_CONVERSION = YES_AGGRESSIVE;
				CLANG_CXX_LANGUAGE_STANDARD = "gnu++14";
				CLANG_CXX_LIBRARY = "libc++";
				CLANG_ENABLE_MODULES = YES;
				CLANG_ENABLE_OBJC_ARC = YES;
				CLANG_ENABLE_OBJC_WEAK = YES;
				CLANG_WARN_BLOCK_CAPTURE_AUTORELEASING = YES;
				CLANG_WARN_BOOL_CONVERSION = YES;
				CLANG_WARN_COMMA = YES;
				CLANG_WARN_CONSTANT_CONVERSION = YES;
				CLANG_WARN_DEPRECATED_OBJC_IMPLEMENTATIONS = YES;
				CLANG_WARN_DIRECT_OBJC_ISA_USAGE = YES_ERROR;
				CLANG_WARN_DOCUMENTATION_COMMENTS = YES;
				CLANG_WARN_EMPTY_BODY = YES;
				CLANG_WARN_ENUM_CONVERSION = YES;
				CLANG_WARN_INFINITE_RECURSION = YES;
				CLANG_WARN_INT_CONVERSION = YES;
				CLANG_WARN_NON_LITERAL_NULL_CONVERSION = YES;
				CLANG_WARN_OBJC_IMPLICIT_RETAIN_SELF = YES;
				CLANG_WARN_OBJC_LITERAL_CONVERSION = YES;
				CLANG_WARN_OBJC_ROOT_CLASS = YES_ERROR;
				CLANG_WARN_RANGE_LOOP_ANALYSIS = YES;
				CLANG_WARN_STRICT_PROTOTYPES = YES;
				CLANG_WARN_SUSPICIOUS_MOVE = YES;
				CLANG_WARN_UNGUARDED_AVAILABILITY = YES_AGGRESSIVE;
				CLANG_WARN_UNREACHABLE_CODE = YES;
				CLANG_WARN__DUPLICATE_METHOD_MATCH = YES;
				CODE_SIGN_IDENTITY = "iPhone Developer";
				COPY_PHASE_STRIP = NO;
				DEBUG_INFORMATION_FORMAT = "dwarf-with-dsym";
				ENABLE_NS_ASSERTIONS = NO;
				ENABLE_STRICT_OBJC_MSGSEND = YES;
				GCC_C_LANGUAGE_STANDARD = gnu11;
				GCC_NO_COMMON_BLOCKS = YES;
				GCC_WARN_64_TO_32_BIT_CONVERSION = YES;
				GCC_WARN_ABOUT_RETURN_TYPE = YES_ERROR;
				GCC_WARN_UNDECLARED_SELECTOR = YES;
				GCC_WARN_UNINITIALIZED_AUTOS = YES_AGGRESSIVE;
				GCC_WARN_UNUSED_FUNCTION = YES;
				GCC_WARN_UNUSED_VARIABLE = YES;
				IPHONEOS_DEPLOYMENT_TARGET = 11.3;
				MTL_ENABLE_DEBUG_INFO = NO;
				SDKROOT = iphoneos;
				SWIFT_COMPILATION_MODE = wholemodule;
				SWIFT_OPTIMIZATION_LEVEL = "-O";
				VALIDATE_PRODUCT = YES;
			};
			name = Release;
		};
		3AEAD5C120AD36B700D728BB /* Debug */ = {
			isa = XCBuildConfiguration;
			buildSettings = {
				ASSETCATALOG_COMPILER_APPICON_NAME = AppIcon;
				CODE_SIGN_STYLE = Automatic;
				DEVELOPMENT_TEAM = S8FBP4YLUA;
				INFOPLIST_FILE = CoreMLTest/Info.plist;
				LD_RUNPATH_SEARCH_PATHS = (
					"$(inherited)",
					"@executable_path/Frameworks",
				);
				PRODUCT_BUNDLE_IDENTIFIER = CSIEiMac.CoreMLTest;
				PRODUCT_NAME = "$(TARGET_NAME)";
				SWIFT_VERSION = 4.0;
				TARGETED_DEVICE_FAMILY = "1,2";
			};
			name = Debug;
		};
		3AEAD5C220AD36B700D728BB /* Release */ = {
			isa = XCBuildConfiguration;
			buildSettings = {
				ASSETCATALOG_COMPILER_APPICON_NAME = AppIcon;
				CODE_SIGN_STYLE = Automatic;
				DEVELOPMENT_TEAM = S8FBP4YLUA;
				INFOPLIST_FILE = CoreMLTest/Info.plist;
				LD_RUNPATH_SEARCH_PATHS = (
					"$(inherited)",
					"@executable_path/Frameworks",
				);
				PRODUCT_BUNDLE_IDENTIFIER = CSIEiMac.CoreMLTest;
				PRODUCT_NAME = "$(TARGET_NAME)";
				SWIFT_VERSION = 4.0;
				TARGETED_DEVICE_FAMILY = "1,2";
			};
			name = Release;
		};
/* End XCBuildConfiguration section */

/* Begin XCConfigurationList section */
		3AEAD5A920AD36AE00D728BB /* Build configuration list for PBXProject "CoreMLTest" */ = {
			isa = XCConfigurationList;
			buildConfigurations = (
				3AEAD5BE20AD36B700D728BB /* Debug */,
				3AEAD5BF20AD36B700D728BB /* Release */,
			);
			defaultConfigurationIsVisible = 0;
			defaultConfigurationName = Release;
		};
		3AEAD5C020AD36B700D728BB /* Build configuration list for PBXNativeTarget "CoreMLTest" */ = {
			isa = XCConfigurationList;
			buildConfigurations = (
				3AEAD5C120AD36B700D728BB /* Debug */,
				3AEAD5C220AD36B700D728BB /* Release */,
			);
			defaultConfigurationIsVisible = 0;
			defaultConfigurationName = Release;
		};
/* End XCConfigurationList section */
	};
	rootObject = 3AEAD5A620AD36AE00D728BB /* Project object */;
}
